
Microsoft Visual Studio Solution File, Format Version 12.00
# Visual Studio Version 16
VisualStudioVersion = 16.0.28803.202
MinimumVisualStudioVersion = 10.0.40219.1
Project("{FAE04EC0-301F-11D3-BF4B-00C04F79EFBC}") = "RestaurantRaterMVC", "RestaurantRaterMVC\RestaurantRaterMVC.csproj", "{0D58D5A6-1D99-4788-B7DC-0B6E2FD6AF99}"
EndProject
Global
	GlobalSection(SolutionConfigurationPlatforms) = preSolution
		Debug|Any CPU = Debug|Any CPU
		Release|Any CPU = Release|Any CPU
	EndGlobalSection
	GlobalSection(ProjectConfigurationPlatforms) = postSolution
		{0D58D5A6-1D99-4788-B7DC-0B6E2FD6AF99}.Debug|Any CPU.ActiveCfg = Debug|Any CPU
		{0D58D5A6-1D99-4788-B7DC-0B6E2FD6AF99}.Debug|Any CPU.Build.0 = Debug|Any CPU
		{0D58D5A6-1D99-4788-B7DC-0B6E2FD6AF99}.Release|Any CPU.ActiveCfg = Release|Any CPU
		{0D58D5A6-1D99-4788-B7DC-0B6E2FD6AF99}.Release|Any CPU.Build.0 = Release|Any CPU
	EndGlobalSection
	GlobalSection(SolutionProperties) = preSolution
		HideSolutionNode = FALSE
	EndGlobalSection
	GlobalSection(ExtensibilityGlobals) = postSolution
		SolutionGuid = {8BA92520-6A6C-4A5F-A7B7-A2C13448E0BB}
	EndGlobalSection
EndGlobal
